{
  "version": 4,
  "terraform_version": "1.5.6",
  "serial": 378,
  "lineage": "c30951dd-1eb9-a8b4-5101-04452440495d",
  "outputs": {
    "cloud_watch_arn": {
      "value": "arn:aws:logs:us-east-1:870903798933:log-group:/aws/lambda/thumbnail_generation_lambda",
      "type": "string"
    },
    "function_name": {
      "value": "thumbnail_generation_lambda",
      "type": "string"
    },
    "iam_arn": {
      "value": "arn:aws:iam::870903798933:policy/thumbnail_s3_policy",
      "type": "string"
    }
  },
  "resources": [
    {
      "mode": "data",
      "type": "archive_file",
      "name": "thumbnail_lambda_source_archive",
      "provider": "provider[\"registry.terraform.io/hashicorp/archive\"]",
      "instances": [
        {
          "schema_version": 0,
          "attributes": {
            "excludes": null,
            "id": "e5a0029e225ab50bd72b277a0984e3edc87a5776",
            "output_base64sha256": "9+SHckOlk2Z3qNdjpN0mk7ch05/2wweRDblOA6E510A=",
            "output_file_mode": null,
            "output_md5": "a0297b44a893516ad720a1a23355c48f",
            "output_path": "./my-deployment.zip",
            "output_sha": "e5a0029e225ab50bd72b277a0984e3edc87a5776",
            "output_size": 3814,
            "source": [],
            "source_content": null,
            "source_content_filename": null,
            "source_dir": "./src",
            "source_file": null,
            "type": "zip"
          },
          "sensitive_attributes": []
        }
      ]
    },
    {
      "mode": "data",
      "type": "aws_caller_identity",
      "name": "current",
      "provider": "provider[\"registry.terraform.io/hashicorp/aws\"]",
      "instances": [
        {
          "schema_version": 0,
          "attributes": {
            "account_id": "870903798933",
            "arn": "arn:aws:iam::870903798933:root",
            "id": "870903798933",
            "user_id": "870903798933"
          },
          "sensitive_attributes": []
        }
      ]
    },
    {
      "mode": "data",
      "type": "aws_iam_policy_document",
      "name": "public_read_access",
      "provider": "provider[\"registry.terraform.io/hashicorp/aws\"]",
      "instances": [
        {
          "schema_version": 0,
          "attributes": {
            "id": "2091020356",
            "json": "{\n  \"Version\": \"2012-10-17\",\n  \"Statement\": [\n    {\n      \"Sid\": \"\",\n      \"Effect\": \"Allow\",\n      \"Action\": \"s3:PutObject\",\n      \"Resource\": [\n        \"arn:aws:s3:::destinationbucket564333/*\",\n        \"arn:aws:s3:::destinationbucket564333\"\n      ],\n      \"Principal\": \"*\"\n    }\n  ]\n}",
            "override_json": null,
            "override_policy_documents": null,
            "policy_id": null,
            "source_json": null,
            "source_policy_documents": null,
            "statement": [
              {
                "actions": [
                  "s3:PutObject"
                ],
                "condition": [],
                "effect": "Allow",
                "not_actions": [],
                "not_principals": [],
                "not_resources": [],
                "principals": [
                  {
                    "identifiers": [
                      "*"
                    ],
                    "type": "*"
                  }
                ],
                "resources": [
                  "arn:aws:s3:::destinationbucket564333",
                  "arn:aws:s3:::destinationbucket564333/*"
                ],
                "sid": ""
              }
            ],
            "version": "2012-10-17"
          },
          "sensitive_attributes": []
        }
      ]
    },
    {
      "mode": "managed",
      "type": "aws_cloudwatch_log_group",
      "name": "thumbnail_cloudwatch",
      "provider": "provider[\"registry.terraform.io/hashicorp/aws\"]",
      "instances": [
        {
          "schema_version": 0,
          "attributes": {
            "arn": "arn:aws:logs:us-east-1:870903798933:log-group:/aws/lambda/thumbnail_generation_lambda",
            "id": "/aws/lambda/thumbnail_generation_lambda",
            "kms_key_id": "",
            "name": "/aws/lambda/thumbnail_generation_lambda",
            "name_prefix": null,
            "retention_in_days": 30,
            "tags": {},
            "tags_all": {}
          },
          "sensitive_attributes": [],
          "private": "bnVsbA==",
          "dependencies": [
            "aws_iam_role.thumbnail_lambda_role",
            "aws_lambda_function.thumbnail_lambda",
            "data.archive_file.thumbnail_lambda_source_archive"
          ]
        }
      ]
    },
    {
      "mode": "managed",
      "type": "aws_iam_policy",
      "name": "lambda_sns_publish_policy",
      "provider": "provider[\"registry.terraform.io/hashicorp/aws\"]",
      "instances": [
        {
          "schema_version": 0,
          "attributes": {
            "arn": "arn:aws:iam::870903798933:policy/LambdaSNSPublishPolicy",
            "description": "IAM policy to allow Lambda to publish to an SNS topic.",
            "id": "arn:aws:iam::870903798933:policy/LambdaSNSPublishPolicy",
            "name": "LambdaSNSPublishPolicy",
            "name_prefix": null,
            "path": "/",
            "policy": "{\"Statement\":[{\"Action\":[\"sns:Publish\"],\"Effect\":\"Allow\",\"Resource\":\"arn:aws:sns:us-east-1:870903798933:quicksight_report_topic\"},{\"Action\":[\"quicksight:CreateAnalysis\",\"quicksight:CreateDashboard\",\"quicksight:DescribeAnalysis\",\"quicksight:DescribeDashboard\",\"quicksight:ListDashboardVersions\",\"quicksight:UpdateDashboardPermissions\",\"quicksight:QueryDashboard\",\"quicksight:CreateDataSource\",\"quicksight:ExportToCSV\"],\"Effect\":\"Allow\",\"Resource\":\"*\"}],\"Version\":\"2012-10-17\"}",
            "policy_id": "ANPA4VRPJLSKY2FEXFZDZ",
            "tags": {},
            "tags_all": {}
          },
          "sensitive_attributes": [],
          "private": "bnVsbA==",
          "dependencies": [
            "aws_sns_topic.quicksight_report_topic"
          ]
        }
      ]
    },
    {
      "mode": "managed",
      "type": "aws_iam_policy",
      "name": "quicksight_policy",
      "provider": "provider[\"registry.terraform.io/hashicorp/aws\"]",
      "instances": [
        {
          "schema_version": 0,
          "attributes": {
            "arn": "arn:aws:iam::870903798933:policy/quicksight_policy",
            "description": "Policy for QuickSight",
            "id": "arn:aws:iam::870903798933:policy/quicksight_policy",
            "name": "quicksight_policy",
            "name_prefix": null,
            "path": "/",
            "policy": "{\"Statement\":[{\"Action\":[\"quicksight:CreateAnalysis\",\"quicksight:CreateDashboard\",\"quicksight:DescribeAnalysis\",\"quicksight:DescribeDashboard\",\"quicksight:ListDashboardVersions\",\"quicksight:UpdateDashboardPermissions\",\"quicksight:QueryDashboard\",\"quicksight:CreateDataSource\",\"quicksight:ExportToCSV\"],\"Effect\":\"Allow\",\"Resource\":\"*\"}],\"Version\":\"2012-10-17\"}",
            "policy_id": "ANPA4VRPJLSK64T2SYA32",
            "tags": {},
            "tags_all": {}
          },
          "sensitive_attributes": [],
          "private": "bnVsbA=="
        }
      ]
    },
    {
      "mode": "managed",
      "type": "aws_iam_policy",
      "name": "thumbnail_s3_policy",
      "provider": "provider[\"registry.terraform.io/hashicorp/aws\"]",
      "instances": [
        {
          "schema_version": 0,
          "attributes": {
            "arn": "arn:aws:iam::870903798933:policy/thumbnail_s3_policy",
            "description": "",
            "id": "arn:aws:iam::870903798933:policy/thumbnail_s3_policy",
            "name": "thumbnail_s3_policy",
            "name_prefix": null,
            "path": "/",
            "policy": "{\"Statement\":[{\"Action\":\"s3:*\",\"Effect\":\"Allow\",\"Resource\":\"arn:aws:s3:::initialbucket564333/*\"},{\"Action\":\"s3:*\",\"Effect\":\"Allow\",\"Resource\":\"arn:aws:s3:::destinationbucket564333/*\"}],\"Version\":\"2012-10-17\"}",
            "policy_id": "ANPA4VRPJLSKSFDE2S7RS",
            "tags": {},
            "tags_all": {}
          },
          "sensitive_attributes": [],
          "private": "bnVsbA=="
        }
      ]
    },
    {
      "mode": "managed",
      "type": "aws_iam_policy_attachment",
      "name": "dashboard_lambda_s3_policy_attachment",
      "provider": "provider[\"registry.terraform.io/hashicorp/aws\"]",
      "instances": [
        {
          "schema_version": 0,
          "attributes": {
            "groups": [],
            "id": "dashboard_lambda_s3_policy_attachment",
            "name": "dashboard_lambda_s3_policy_attachment",
            "policy_arn": "arn:aws:iam::aws:policy/AmazonS3FullAccess",
            "roles": [
              "thumbnail_lambda_role"
            ],
            "users": []
          },
          "sensitive_attributes": [],
          "private": "bnVsbA==",
          "dependencies": [
            "aws_iam_role.thumbnail_lambda_role"
          ]
        }
      ]
    },
    {
      "mode": "managed",
      "type": "aws_iam_policy_attachment",
      "name": "lambda_role_attachment",
      "provider": "provider[\"registry.terraform.io/hashicorp/aws\"]",
      "instances": [
        {
          "schema_version": 0,
          "attributes": {
            "groups": [],
            "id": "LambdaSNSTopicAttachment",
            "name": "LambdaSNSTopicAttachment",
            "policy_arn": "arn:aws:iam::870903798933:policy/LambdaSNSPublishPolicy",
            "roles": [
              "LambdaSNSRole"
            ],
            "users": []
          },
          "sensitive_attributes": [],
          "private": "bnVsbA==",
          "dependencies": [
            "aws_iam_policy.lambda_sns_publish_policy",
            "aws_iam_role.lambda_role",
            "aws_sns_topic.quicksight_report_topic"
          ]
        }
      ]
    },
    {
      "mode": "managed",
      "type": "aws_iam_policy_attachment",
      "name": "quicksight_attachment",
      "provider": "provider[\"registry.terraform.io/hashicorp/aws\"]",
      "instances": [
        {
          "schema_version": 0,
          "attributes": {
            "groups": [],
            "id": "quicksight_attachment",
            "name": "quicksight_attachment",
            "policy_arn": "arn:aws:iam::870903798933:policy/quicksight_policy",
            "roles": [
              "thumbnail_lambda_role"
            ],
            "users": []
          },
          "sensitive_attributes": [],
          "private": "bnVsbA==",
          "dependencies": [
            "aws_iam_policy.quicksight_policy",
            "aws_iam_role.thumbnail_lambda_role"
          ]
        }
      ]
    },
    {
      "mode": "managed",
      "type": "aws_iam_policy_attachment",
      "name": "thumbnail_role_lambda_policy_attachment",
      "provider": "provider[\"registry.terraform.io/hashicorp/aws\"]",
      "instances": [
        {
          "schema_version": 0,
          "attributes": {
            "groups": [],
            "id": "thumbnail_role_lambda_policy_attachment",
            "name": "thumbnail_role_lambda_policy_attachment",
            "policy_arn": "arn:aws:iam::aws:policy/service-role/AWSLambdaBasicExecutionRole",
            "roles": [
              "thumbnail_lambda_role"
            ],
            "users": []
          },
          "sensitive_attributes": [],
          "private": "bnVsbA==",
          "dependencies": [
            "aws_iam_role.thumbnail_lambda_role"
          ]
        }
      ]
    },
    {
      "mode": "managed",
      "type": "aws_iam_policy_attachment",
      "name": "thumbnail_role_s3_policy_attachment",
      "provider": "provider[\"registry.terraform.io/hashicorp/aws\"]",
      "instances": [
        {
          "schema_version": 0,
          "attributes": {
            "groups": [],
            "id": "thumbnail_role_s3_policy_attachment",
            "name": "thumbnail_role_s3_policy_attachment",
            "policy_arn": "arn:aws:iam::870903798933:policy/thumbnail_s3_policy",
            "roles": [
              "thumbnail_lambda_role"
            ],
            "users": []
          },
          "sensitive_attributes": [],
          "private": "bnVsbA==",
          "dependencies": [
            "aws_iam_policy.thumbnail_s3_policy",
            "aws_iam_role.thumbnail_lambda_role"
          ]
        }
      ]
    },
    {
      "mode": "managed",
      "type": "aws_iam_role",
      "name": "lambda_role",
      "provider": "provider[\"registry.terraform.io/hashicorp/aws\"]",
      "instances": [
        {
          "schema_version": 0,
          "attributes": {
            "arn": "arn:aws:iam::870903798933:role/LambdaSNSRole",
            "assume_role_policy": "{\"Statement\":[{\"Action\":\"sts:AssumeRole\",\"Effect\":\"Allow\",\"Principal\":{\"Service\":\"lambda.amazonaws.com\"}}],\"Version\":\"2012-10-17\"}",
            "create_date": "2023-09-02T00:26:36Z",
            "description": "",
            "force_detach_policies": false,
            "id": "LambdaSNSRole",
            "inline_policy": [],
            "managed_policy_arns": [
              "arn:aws:iam::870903798933:policy/LambdaSNSPublishPolicy"
            ],
            "max_session_duration": 3600,
            "name": "LambdaSNSRole",
            "name_prefix": "",
            "path": "/",
            "permissions_boundary": null,
            "tags": {},
            "tags_all": {},
            "unique_id": "AROA4VRPJLSKRR5S4SMTA"
          },
          "sensitive_attributes": [],
          "private": "bnVsbA=="
        }
      ]
    },
    {
      "mode": "managed",
      "type": "aws_iam_role",
      "name": "thumbnail_lambda_role",
      "provider": "provider[\"registry.terraform.io/hashicorp/aws\"]",
      "instances": [
        {
          "schema_version": 0,
          "attributes": {
            "arn": "arn:aws:iam::870903798933:role/thumbnail_lambda_role",
            "assume_role_policy": "{\"Statement\":[{\"Action\":\"sts:AssumeRole\",\"Effect\":\"Allow\",\"Principal\":{\"Service\":\"lambda.amazonaws.com\"}}],\"Version\":\"2012-10-17\"}",
            "create_date": "2023-09-01T02:12:16Z",
            "description": "",
            "force_detach_policies": false,
            "id": "thumbnail_lambda_role",
            "inline_policy": [
              {
                "name": "thumbnail_lambda_s3_put_policy",
                "policy": "{\"Statement\":[{\"Action\":\"s3:*\",\"Effect\":\"Allow\",\"Resource\":[\"arn:aws:s3:::destinationbucket564333/*\"]}],\"Version\":\"2012-10-17\"}"
              }
            ],
            "managed_policy_arns": [
              "arn:aws:iam::870903798933:policy/quicksight_policy",
              "arn:aws:iam::870903798933:policy/thumbnail_s3_policy",
              "arn:aws:iam::aws:policy/AmazonS3FullAccess",
              "arn:aws:iam::aws:policy/service-role/AWSLambdaBasicExecutionRole"
            ],
            "max_session_duration": 3600,
            "name": "thumbnail_lambda_role",
            "name_prefix": "",
            "path": "/",
            "permissions_boundary": null,
            "tags": {},
            "tags_all": {},
            "unique_id": "AROA4VRPJLSK5YSIMTSQA"
          },
          "sensitive_attributes": [],
          "private": "bnVsbA=="
        }
      ]
    },
    {
      "mode": "managed",
      "type": "aws_lambda_function",
      "name": "dashboard_lambda",
      "provider": "provider[\"registry.terraform.io/hashicorp/aws\"]",
      "instances": [
        {
          "schema_version": 0,
          "attributes": {
            "architectures": [
              "x86_64"
            ],
            "arn": "arn:aws:lambda:us-east-1:870903798933:function:dashboard_lambda",
            "code_signing_config_arn": "",
            "dead_letter_config": [],
            "description": "",
            "environment": [],
            "ephemeral_storage": [
              {
                "size": 512
              }
            ],
            "file_system_config": [],
            "filename": "./my-deployment.zip",
            "function_name": "dashboard_lambda",
            "handler": "dummy.lambda_handler",
            "id": "dashboard_lambda",
            "image_config": [],
            "image_uri": "",
            "invoke_arn": "arn:aws:apigateway:us-east-1:lambda:path/2015-03-31/functions/arn:aws:lambda:us-east-1:870903798933:function:dashboard_lambda/invocations",
            "kms_key_arn": "",
            "last_modified": "2023-09-02T02:27:37.000+0000",
            "layers": [
              "arn:aws:lambda:us-east-1:770693421928:layer:Klayers-p39-pillow:1"
            ],
            "memory_size": 256,
            "package_type": "Zip",
            "publish": false,
            "qualified_arn": "arn:aws:lambda:us-east-1:870903798933:function:dashboard_lambda:$LATEST",
            "qualified_invoke_arn": "arn:aws:apigateway:us-east-1:lambda:path/2015-03-31/functions/arn:aws:lambda:us-east-1:870903798933:function:dashboard_lambda:$LATEST/invocations",
            "reserved_concurrent_executions": -1,
            "role": "arn:aws:iam::870903798933:role/thumbnail_lambda_role",
            "runtime": "python3.9",
            "s3_bucket": null,
            "s3_key": null,
            "s3_object_version": null,
            "signing_job_arn": "",
            "signing_profile_version_arn": "",
            "source_code_hash": "9+SHckOlk2Z3qNdjpN0mk7ch05/2wweRDblOA6E510A=",
            "source_code_size": 3814,
            "tags": {},
            "tags_all": {},
            "timeout": 3,
            "timeouts": null,
            "tracing_config": [
              {
                "mode": "PassThrough"
              }
            ],
            "version": "$LATEST",
            "vpc_config": []
          },
          "sensitive_attributes": [],
          "private": "eyJlMmJmYjczMC1lY2FhLTExZTYtOGY4OC0zNDM2M2JjN2M0YzAiOnsiY3JlYXRlIjo2MDAwMDAwMDAwMDB9fQ==",
          "dependencies": [
            "aws_iam_role.thumbnail_lambda_role",
            "data.archive_file.thumbnail_lambda_source_archive"
          ]
        }
      ]
    },
    {
      "mode": "managed",
      "type": "aws_lambda_function",
      "name": "send_message",
      "provider": "provider[\"registry.terraform.io/hashicorp/aws\"]",
      "instances": [
        {
          "schema_version": 0,
          "attributes": {
            "architectures": [
              "x86_64"
            ],
            "arn": "arn:aws:lambda:us-east-1:870903798933:function:send_message",
            "code_signing_config_arn": "",
            "dead_letter_config": [],
            "description": "",
            "environment": [],
            "ephemeral_storage": [
              {
                "size": 512
              }
            ],
            "file_system_config": [],
            "filename": "./my-deployment.zip",
            "function_name": "send_message",
            "handler": "message.lambda_handler",
            "id": "send_message",
            "image_config": [],
            "image_uri": "",
            "invoke_arn": "arn:aws:apigateway:us-east-1:lambda:path/2015-03-31/functions/arn:aws:lambda:us-east-1:870903798933:function:send_message/invocations",
            "kms_key_arn": "",
            "last_modified": "2023-09-02T02:27:46.000+0000",
            "layers": [
              "arn:aws:lambda:us-east-1:770693421928:layer:Klayers-p39-pillow:1"
            ],
            "memory_size": 256,
            "package_type": "Zip",
            "publish": false,
            "qualified_arn": "arn:aws:lambda:us-east-1:870903798933:function:send_message:$LATEST",
            "qualified_invoke_arn": "arn:aws:apigateway:us-east-1:lambda:path/2015-03-31/functions/arn:aws:lambda:us-east-1:870903798933:function:send_message:$LATEST/invocations",
            "reserved_concurrent_executions": -1,
            "role": "arn:aws:iam::870903798933:role/LambdaSNSRole",
            "runtime": "python3.9",
            "s3_bucket": null,
            "s3_key": null,
            "s3_object_version": null,
            "signing_job_arn": "",
            "signing_profile_version_arn": "",
            "source_code_hash": "9+SHckOlk2Z3qNdjpN0mk7ch05/2wweRDblOA6E510A=",
            "source_code_size": 3814,
            "tags": {},
            "tags_all": {},
            "timeout": 3,
            "timeouts": null,
            "tracing_config": [
              {
                "mode": "PassThrough"
              }
            ],
            "version": "$LATEST",
            "vpc_config": []
          },
          "sensitive_attributes": [],
          "private": "eyJlMmJmYjczMC1lY2FhLTExZTYtOGY4OC0zNDM2M2JjN2M0YzAiOnsiY3JlYXRlIjo2MDAwMDAwMDAwMDB9fQ==",
          "dependencies": [
            "aws_iam_role.lambda_role",
            "data.archive_file.thumbnail_lambda_source_archive"
          ]
        }
      ]
    },
    {
      "mode": "managed",
      "type": "aws_lambda_function",
      "name": "thumbnail_lambda",
      "provider": "provider[\"registry.terraform.io/hashicorp/aws\"]",
      "instances": [
        {
          "schema_version": 0,
          "attributes": {
            "architectures": [
              "x86_64"
            ],
            "arn": "arn:aws:lambda:us-east-1:870903798933:function:thumbnail_generation_lambda",
            "code_signing_config_arn": "",
            "dead_letter_config": [],
            "description": "",
            "environment": [],
            "ephemeral_storage": [
              {
                "size": 512
              }
            ],
            "file_system_config": [],
            "filename": "./my-deployment.zip",
            "function_name": "thumbnail_generation_lambda",
            "handler": "app.lambda_handler",
            "id": "thumbnail_generation_lambda",
            "image_config": [],
            "image_uri": "",
            "invoke_arn": "arn:aws:apigateway:us-east-1:lambda:path/2015-03-31/functions/arn:aws:lambda:us-east-1:870903798933:function:thumbnail_generation_lambda/invocations",
            "kms_key_arn": "",
            "last_modified": "2023-09-02T02:27:55.000+0000",
            "layers": [
              "arn:aws:lambda:us-east-1:770693421928:layer:Klayers-p39-pillow:1"
            ],
            "memory_size": 256,
            "package_type": "Zip",
            "publish": false,
            "qualified_arn": "arn:aws:lambda:us-east-1:870903798933:function:thumbnail_generation_lambda:$LATEST",
            "qualified_invoke_arn": "arn:aws:apigateway:us-east-1:lambda:path/2015-03-31/functions/arn:aws:lambda:us-east-1:870903798933:function:thumbnail_generation_lambda:$LATEST/invocations",
            "reserved_concurrent_executions": -1,
            "role": "arn:aws:iam::870903798933:role/thumbnail_lambda_role",
            "runtime": "python3.9",
            "s3_bucket": null,
            "s3_key": null,
            "s3_object_version": null,
            "signing_job_arn": "",
            "signing_profile_version_arn": "",
            "source_code_hash": "9+SHckOlk2Z3qNdjpN0mk7ch05/2wweRDblOA6E510A=",
            "source_code_size": 3814,
            "tags": {},
            "tags_all": {},
            "timeout": 3,
            "timeouts": null,
            "tracing_config": [
              {
                "mode": "PassThrough"
              }
            ],
            "version": "$LATEST",
            "vpc_config": []
          },
          "sensitive_attributes": [],
          "private": "eyJlMmJmYjczMC1lY2FhLTExZTYtOGY4OC0zNDM2M2JjN2M0YzAiOnsiY3JlYXRlIjo2MDAwMDAwMDAwMDB9fQ==",
          "dependencies": [
            "aws_iam_role.thumbnail_lambda_role",
            "data.archive_file.thumbnail_lambda_source_archive"
          ]
        }
      ]
    },
    {
      "mode": "managed",
      "type": "aws_lambda_permission",
      "name": "dashboard_allow_bucket",
      "provider": "provider[\"registry.terraform.io/hashicorp/aws\"]",
      "instances": [
        {
          "schema_version": 0,
          "attributes": {
            "action": "lambda:InvokeFunction",
            "event_source_token": null,
            "function_name": "arn:aws:lambda:us-east-1:870903798933:function:dashboard_lambda",
            "function_url_auth_type": null,
            "id": "AllowExecutionFromS3Bucket",
            "principal": "s3.amazonaws.com",
            "principal_org_id": null,
            "qualifier": "",
            "source_account": null,
            "source_arn": "arn:aws:s3:::destinationbucket564333",
            "statement_id": "AllowExecutionFromS3Bucket",
            "statement_id_prefix": ""
          },
          "sensitive_attributes": [],
          "private": "bnVsbA==",
          "dependencies": [
            "aws_iam_role.thumbnail_lambda_role",
            "aws_lambda_function.dashboard_lambda",
            "aws_s3_bucket.thumbnail_image_bucket",
            "data.archive_file.thumbnail_lambda_source_archive"
          ]
        }
      ]
    },
    {
      "mode": "managed",
      "type": "aws_lambda_permission",
      "name": "report_allow_bucket",
      "provider": "provider[\"registry.terraform.io/hashicorp/aws\"]",
      "instances": [
        {
          "schema_version": 0,
          "attributes": {
            "action": "lambda:InvokeFunction",
            "event_source_token": null,
            "function_name": "arn:aws:lambda:us-east-1:870903798933:function:send_message",
            "function_url_auth_type": null,
            "id": "AllowExecutionFromS3Bucket",
            "principal": "s3.amazonaws.com",
            "principal_org_id": null,
            "qualifier": "",
            "source_account": null,
            "source_arn": "arn:aws:s3:::finalbucket564333",
            "statement_id": "AllowExecutionFromS3Bucket",
            "statement_id_prefix": ""
          },
          "sensitive_attributes": [],
          "private": "bnVsbA==",
          "dependencies": [
            "aws_iam_role.lambda_role",
            "aws_lambda_function.send_message",
            "aws_s3_bucket.final_bucket",
            "data.archive_file.thumbnail_lambda_source_archive"
          ]
        }
      ]
    },
    {
      "mode": "managed",
      "type": "aws_lambda_permission",
      "name": "thumbnail_allow_bucket",
      "provider": "provider[\"registry.terraform.io/hashicorp/aws\"]",
      "instances": [
        {
          "schema_version": 0,
          "attributes": {
            "action": "lambda:InvokeFunction",
            "event_source_token": null,
            "function_name": "arn:aws:lambda:us-east-1:870903798933:function:thumbnail_generation_lambda",
            "function_url_auth_type": null,
            "id": "AllowExecutionFromS3Bucket",
            "principal": "s3.amazonaws.com",
            "principal_org_id": null,
            "qualifier": "",
            "source_account": null,
            "source_arn": "arn:aws:s3:::initialbucket564333",
            "statement_id": "AllowExecutionFromS3Bucket",
            "statement_id_prefix": ""
          },
          "sensitive_attributes": [],
          "private": "bnVsbA==",
          "dependencies": [
            "aws_iam_role.thumbnail_lambda_role",
            "aws_lambda_function.thumbnail_lambda",
            "aws_s3_bucket.thumbnail_original_image_bucket",
            "data.archive_file.thumbnail_lambda_source_archive"
          ]
        }
      ]
    },
    {
      "mode": "managed",
      "type": "aws_s3_bucket",
      "name": "final_bucket",
      "provider": "provider[\"registry.terraform.io/hashicorp/aws\"]",
      "instances": [
        {
          "schema_version": 0,
          "attributes": {
            "acceleration_status": "",
            "acl": "private",
            "arn": "arn:aws:s3:::finalbucket564333",
            "bucket": "finalbucket564333",
            "bucket_domain_name": "finalbucket564333.s3.amazonaws.com",
            "bucket_prefix": null,
            "bucket_regional_domain_name": "finalbucket564333.s3.amazonaws.com",
            "cors_rule": [],
            "force_destroy": false,
            "grant": [
              {
                "id": "bf2186a04fd16137254888e553b97b01d76aaad521fe2e46c4b8bb7e31687312",
                "permissions": [
                  "FULL_CONTROL"
                ],
                "type": "CanonicalUser",
                "uri": ""
              }
            ],
            "hosted_zone_id": "Z3AQBSTGFYJSTF",
            "id": "finalbucket564333",
            "lifecycle_rule": [],
            "logging": [],
            "object_lock_configuration": [],
            "object_lock_enabled": false,
            "policy": "{\"Version\":\"2012-10-17\",\"Statement\":[{\"Sid\":\"AllowDashboardLambdaWrite\",\"Effect\":\"Allow\",\"Principal\":\"*\",\"Action\":\"s3:PutObject\",\"Resource\":\"arn:aws:s3:::finalbucket564333/*\",\"Condition\":{\"StringEquals\":{\"aws:SourceAccount\":\"870903798933\"}}}]}",
            "region": "us-east-1",
            "replication_configuration": [],
            "request_payer": "BucketOwner",
            "server_side_encryption_configuration": [
              {
                "rule": [
                  {
                    "apply_server_side_encryption_by_default": [
                      {
                        "kms_master_key_id": "",
                        "sse_algorithm": "AES256"
                      }
                    ],
                    "bucket_key_enabled": false
                  }
                ]
              }
            ],
            "tags": {},
            "tags_all": {},
            "timeouts": null,
            "versioning": [
              {
                "enabled": false,
                "mfa_delete": false
              }
            ],
            "website": [],
            "website_domain": null,
            "website_endpoint": null
          },
          "sensitive_attributes": [],
          "private": "eyJlMmJmYjczMC1lY2FhLTExZTYtOGY4OC0zNDM2M2JjN2M0YzAiOnsiY3JlYXRlIjoxMjAwMDAwMDAwMDAwLCJkZWxldGUiOjM2MDAwMDAwMDAwMDAsInJlYWQiOjEyMDAwMDAwMDAwMDAsInVwZGF0ZSI6MTIwMDAwMDAwMDAwMH19"
        }
      ]
    },
    {
      "mode": "managed",
      "type": "aws_s3_bucket",
      "name": "thumbnail_image_bucket",
      "provider": "provider[\"registry.terraform.io/hashicorp/aws\"]",
      "instances": [
        {
          "schema_version": 0,
          "attributes": {
            "acceleration_status": "",
            "acl": "public-read-write",
            "arn": "arn:aws:s3:::destinationbucket564333",
            "bucket": "destinationbucket564333",
            "bucket_domain_name": "destinationbucket564333.s3.amazonaws.com",
            "bucket_prefix": null,
            "bucket_regional_domain_name": "destinationbucket564333.s3.amazonaws.com",
            "cors_rule": [],
            "force_destroy": false,
            "grant": [
              {
                "id": "bf2186a04fd16137254888e553b97b01d76aaad521fe2e46c4b8bb7e31687312",
                "permissions": [
                  "FULL_CONTROL"
                ],
                "type": "CanonicalUser",
                "uri": ""
              }
            ],
            "hosted_zone_id": "Z3AQBSTGFYJSTF",
            "id": "destinationbucket564333",
            "lifecycle_rule": [],
            "logging": [],
            "object_lock_configuration": [],
            "object_lock_enabled": false,
            "policy": "",
            "region": "us-east-1",
            "replication_configuration": [],
            "request_payer": "BucketOwner",
            "server_side_encryption_configuration": [
              {
                "rule": [
                  {
                    "apply_server_side_encryption_by_default": [
                      {
                        "kms_master_key_id": "",
                        "sse_algorithm": "AES256"
                      }
                    ],
                    "bucket_key_enabled": false
                  }
                ]
              }
            ],
            "tags": {},
            "tags_all": {},
            "timeouts": null,
            "versioning": [
              {
                "enabled": false,
                "mfa_delete": false
              }
            ],
            "website": [],
            "website_domain": null,
            "website_endpoint": null
          },
          "sensitive_attributes": [],
          "private": "eyJlMmJmYjczMC1lY2FhLTExZTYtOGY4OC0zNDM2M2JjN2M0YzAiOnsiY3JlYXRlIjoxMjAwMDAwMDAwMDAwLCJkZWxldGUiOjM2MDAwMDAwMDAwMDAsInJlYWQiOjEyMDAwMDAwMDAwMDAsInVwZGF0ZSI6MTIwMDAwMDAwMDAwMH19"
        }
      ]
    },
    {
      "mode": "managed",
      "type": "aws_s3_bucket",
      "name": "thumbnail_original_image_bucket",
      "provider": "provider[\"registry.terraform.io/hashicorp/aws\"]",
      "instances": [
        {
          "schema_version": 0,
          "attributes": {
            "acceleration_status": "",
            "acl": "public-read",
            "arn": "arn:aws:s3:::initialbucket564333",
            "bucket": "initialbucket564333",
            "bucket_domain_name": "initialbucket564333.s3.amazonaws.com",
            "bucket_prefix": null,
            "bucket_regional_domain_name": "initialbucket564333.s3.amazonaws.com",
            "cors_rule": [],
            "force_destroy": false,
            "grant": [
              {
                "id": "bf2186a04fd16137254888e553b97b01d76aaad521fe2e46c4b8bb7e31687312",
                "permissions": [
                  "FULL_CONTROL"
                ],
                "type": "CanonicalUser",
                "uri": ""
              }
            ],
            "hosted_zone_id": "Z3AQBSTGFYJSTF",
            "id": "initialbucket564333",
            "lifecycle_rule": [],
            "logging": [],
            "object_lock_configuration": [],
            "object_lock_enabled": false,
            "policy": "",
            "region": "us-east-1",
            "replication_configuration": [],
            "request_payer": "BucketOwner",
            "server_side_encryption_configuration": [
              {
                "rule": [
                  {
                    "apply_server_side_encryption_by_default": [
                      {
                        "kms_master_key_id": "",
                        "sse_algorithm": "AES256"
                      }
                    ],
                    "bucket_key_enabled": false
                  }
                ]
              }
            ],
            "tags": {},
            "tags_all": {},
            "timeouts": null,
            "versioning": [
              {
                "enabled": false,
                "mfa_delete": false
              }
            ],
            "website": [],
            "website_domain": null,
            "website_endpoint": null
          },
          "sensitive_attributes": [],
          "private": "eyJlMmJmYjczMC1lY2FhLTExZTYtOGY4OC0zNDM2M2JjN2M0YzAiOnsiY3JlYXRlIjoxMjAwMDAwMDAwMDAwLCJkZWxldGUiOjM2MDAwMDAwMDAwMDAsInJlYWQiOjEyMDAwMDAwMDAwMDAsInVwZGF0ZSI6MTIwMDAwMDAwMDAwMH19"
        }
      ]
    },
    {
      "mode": "managed",
      "type": "aws_s3_bucket_notification",
      "name": "dashboard_notification",
      "provider": "provider[\"registry.terraform.io/hashicorp/aws\"]",
      "instances": [
        {
          "schema_version": 0,
          "attributes": {
            "bucket": "destinationbucket564333",
            "eventbridge": false,
            "id": "destinationbucket564333",
            "lambda_function": [
              {
                "events": [
                  "s3:ObjectCreated:*"
                ],
                "filter_prefix": "",
                "filter_suffix": "",
                "id": "tf-s3-lambda-20230901093220999000000001",
                "lambda_function_arn": "arn:aws:lambda:us-east-1:870903798933:function:dashboard_lambda"
              }
            ],
            "queue": [],
            "topic": []
          },
          "sensitive_attributes": [],
          "private": "bnVsbA==",
          "dependencies": [
            "aws_iam_role.thumbnail_lambda_role",
            "aws_lambda_function.dashboard_lambda",
            "aws_lambda_permission.dashboard_allow_bucket",
            "aws_s3_bucket.thumbnail_image_bucket",
            "data.archive_file.thumbnail_lambda_source_archive"
          ]
        }
      ]
    },
    {
      "mode": "managed",
      "type": "aws_s3_bucket_notification",
      "name": "final_bucket_notification",
      "provider": "provider[\"registry.terraform.io/hashicorp/aws\"]",
      "instances": [
        {
          "schema_version": 0,
          "attributes": {
            "bucket": "finalbucket564333",
            "eventbridge": false,
            "id": "finalbucket564333",
            "lambda_function": [
              {
                "events": [
                  "s3:ObjectCreated:*"
                ],
                "filter_prefix": "",
                "filter_suffix": "",
                "id": "tf-s3-lambda-20230902003203711900000001",
                "lambda_function_arn": "arn:aws:lambda:us-east-1:870903798933:function:send_message"
              }
            ],
            "queue": [],
            "topic": []
          },
          "sensitive_attributes": [],
          "private": "bnVsbA==",
          "dependencies": [
            "aws_iam_role.lambda_role",
            "aws_lambda_function.send_message",
            "aws_lambda_permission.report_allow_bucket",
            "aws_s3_bucket.final_bucket",
            "data.archive_file.thumbnail_lambda_source_archive"
          ]
        }
      ]
    },
    {
      "mode": "managed",
      "type": "aws_s3_bucket_notification",
      "name": "thumbnail_notification",
      "provider": "provider[\"registry.terraform.io/hashicorp/aws\"]",
      "instances": [
        {
          "schema_version": 0,
          "attributes": {
            "bucket": "initialbucket564333",
            "eventbridge": false,
            "id": "initialbucket564333",
            "lambda_function": [
              {
                "events": [
                  "s3:ObjectCreated:*"
                ],
                "filter_prefix": "",
                "filter_suffix": "",
                "id": "tf-s3-lambda-20230901094948610100000001",
                "lambda_function_arn": "arn:aws:lambda:us-east-1:870903798933:function:thumbnail_generation_lambda"
              }
            ],
            "queue": [],
            "topic": []
          },
          "sensitive_attributes": [],
          "private": "bnVsbA==",
          "dependencies": [
            "aws_iam_role.thumbnail_lambda_role",
            "aws_lambda_function.thumbnail_lambda",
            "aws_lambda_permission.thumbnail_allow_bucket",
            "aws_s3_bucket.thumbnail_original_image_bucket",
            "data.archive_file.thumbnail_lambda_source_archive"
          ]
        }
      ]
    },
    {
      "mode": "managed",
      "type": "aws_s3_bucket_policy",
      "name": "final_bucket_policy",
      "provider": "provider[\"registry.terraform.io/hashicorp/aws\"]",
      "instances": [
        {
          "schema_version": 0,
          "attributes": {
            "bucket": "finalbucket564333",
            "id": "finalbucket564333",
            "policy": "{\"Statement\":[{\"Action\":\"s3:PutObject\",\"Condition\":{\"StringEquals\":{\"aws:SourceAccount\":870903798933}},\"Effect\":\"Allow\",\"Principal\":\"*\",\"Resource\":\"arn:aws:s3:::finalbucket564333/*\",\"Sid\":\"AllowDashboardLambdaWrite\"}],\"Version\":\"2012-10-17\"}"
          },
          "sensitive_attributes": [],
          "private": "bnVsbA==",
          "dependencies": [
            "aws_s3_bucket.final_bucket",
            "data.aws_caller_identity.current"
          ]
        }
      ]
    },
    {
      "mode": "managed",
      "type": "aws_sns_topic",
      "name": "quicksight_report_topic",
      "provider": "provider[\"registry.terraform.io/hashicorp/aws\"]",
      "instances": [
        {
          "schema_version": 0,
          "attributes": {
            "application_failure_feedback_role_arn": "",
            "application_success_feedback_role_arn": "",
            "application_success_feedback_sample_rate": 0,
            "arn": "arn:aws:sns:us-east-1:870903798933:quicksight_report_topic",
            "content_based_deduplication": false,
            "delivery_policy": "",
            "display_name": "",
            "fifo_topic": false,
            "firehose_failure_feedback_role_arn": "",
            "firehose_success_feedback_role_arn": "",
            "firehose_success_feedback_sample_rate": 0,
            "http_failure_feedback_role_arn": "",
            "http_success_feedback_role_arn": "",
            "http_success_feedback_sample_rate": 0,
            "id": "arn:aws:sns:us-east-1:870903798933:quicksight_report_topic",
            "kms_master_key_id": "",
            "lambda_failure_feedback_role_arn": "",
            "lambda_success_feedback_role_arn": "",
            "lambda_success_feedback_sample_rate": 0,
            "name": "quicksight_report_topic",
            "name_prefix": "",
            "owner": "870903798933",
            "policy": "{\"Statement\":[{\"Action\":\"SNS:Publish\",\"Condition\":{\"ArnLike\":{\"aws:SourceArn\":\"arn:aws:s3:::finalbucket564333\"}},\"Effect\":\"Allow\",\"Principal\":{\"Service\":\"s3.amazonaws.com\"},\"Resource\":\"arn:aws:sns:us-east-1:870903798933:quicksight_report_topic\",\"Sid\":\"AllowS3EventNotification\"}],\"Version\":\"2012-10-17\"}",
            "sqs_failure_feedback_role_arn": "",
            "sqs_success_feedback_role_arn": "",
            "sqs_success_feedback_sample_rate": 0,
            "tags": {},
            "tags_all": {}
          },
          "sensitive_attributes": [],
          "private": "bnVsbA=="
        }
      ]
    },
    {
      "mode": "managed",
      "type": "aws_sns_topic_policy",
      "name": "bucket_sns_policy",
      "provider": "provider[\"registry.terraform.io/hashicorp/aws\"]",
      "instances": [
        {
          "schema_version": 0,
          "attributes": {
            "arn": "arn:aws:sns:us-east-1:870903798933:quicksight_report_topic",
            "id": "arn:aws:sns:us-east-1:870903798933:quicksight_report_topic",
            "owner": "870903798933",
            "policy": "{\"Statement\":[{\"Action\":\"SNS:Publish\",\"Condition\":{\"ArnLike\":{\"aws:SourceArn\":\"arn:aws:s3:::finalbucket564333\"}},\"Effect\":\"Allow\",\"Principal\":{\"Service\":\"s3.amazonaws.com\"},\"Resource\":\"arn:aws:sns:us-east-1:870903798933:quicksight_report_topic\",\"Sid\":\"AllowS3EventNotification\"}],\"Version\":\"2012-10-17\"}"
          },
          "sensitive_attributes": [],
          "private": "bnVsbA==",
          "dependencies": [
            "aws_s3_bucket.final_bucket",
            "aws_sns_topic.quicksight_report_topic"
          ]
        }
      ]
    },
    {
      "mode": "managed",
      "type": "aws_sns_topic_subscription",
      "name": "quicksight_report_subscription",
      "provider": "provider[\"registry.terraform.io/hashicorp/aws\"]",
      "instances": [
        {
          "schema_version": 0,
          "attributes": {
            "arn": "arn:aws:sns:us-east-1:870903798933:quicksight_report_topic:206680f9-9081-4112-a58a-0c9c89d2c952",
            "confirmation_timeout_in_minutes": 1,
            "confirmation_was_authenticated": false,
            "delivery_policy": "",
            "endpoint": "a1syed@torontomu.ca",
            "endpoint_auto_confirms": false,
            "filter_policy": "",
            "id": "arn:aws:sns:us-east-1:870903798933:quicksight_report_topic:206680f9-9081-4112-a58a-0c9c89d2c952",
            "owner_id": "870903798933",
            "pending_confirmation": false,
            "protocol": "email",
            "raw_message_delivery": false,
            "redrive_policy": "",
            "subscription_role_arn": "",
            "topic_arn": "arn:aws:sns:us-east-1:870903798933:quicksight_report_topic"
          },
          "sensitive_attributes": [],
          "private": "bnVsbA==",
          "dependencies": [
            "aws_sns_topic.quicksight_report_topic"
          ]
        }
      ]
    }
  ],
  "check_results": null
}
